version=0.6.1
macos-universal=587fe4fab284b6ab0cad8c913a7dc72ccb8a1f25922584a9430ddd728dcb7585
linux-x86_64=ced124e31759ffec1fcc3090d18f58a51274c77a35c34615cc458f15830c20e6
linux-aarch64=d22f6f627ee5ef2a34c25751d0262a26556a60284cfbcafb253e246c86ec4291
image=sha256:dda95356156e8217e405efc9f8c4da0d5ccdfd02ac929538159c3d2a3e200d85
